
Microsoft Visual Studio Solution File, Format Version 12.00
# Visual Studio Version 17
VisualStudioVersion = 17.3.32929.385
MinimumVisualStudioVersion = 10.0.40219.1
Project("{FAE04EC0-301F-11D3-BF4B-00C04F79EFBC}") = "Conversion", "Conversion.csproj", "{A6375278-635A-4B52-BB06-1B9D3BB05EC4}"
EndProject
Global
	GlobalSection(SolutionConfigurationPlatforms) = preSolution
		Debug|Any CPU = Debug|Any CPU
		Release|Any CPU = Release|Any CPU
	EndGlobalSection
	GlobalSection(ProjectConfigurationPlatforms) = postSolution
		{A6375278-635A-4B52-BB06-1B9D3BB05EC4}.Debug|Any CPU.ActiveCfg = Debug|Any CPU
		{A6375278-635A-4B52-BB06-1B9D3BB05EC4}.Debug|Any CPU.Build.0 = Debug|Any CPU
		{A6375278-635A-4B52-BB06-1B9D3BB05EC4}.Release|Any CPU.ActiveCfg = Release|Any CPU
		{A6375278-635A-4B52-BB06-1B9D3BB05EC4}.Release|Any CPU.Build.0 = Release|Any CPU
	EndGlobalSection
	GlobalSection(SolutionProperties) = preSolution
		HideSolutionNode = FALSE
	EndGlobalSection
	GlobalSection(ExtensibilityGlobals) = postSolution
		SolutionGuid = {F8507D83-F76E-4E1C-A369-B47DD5E17127}
	EndGlobalSection
EndGlobal
