
Microsoft Visual Studio Solution File, Format Version 12.00
# Visual Studio Version 17
VisualStudioVersion = 17.3.32929.385
MinimumVisualStudioVersion = 10.0.40219.1
Project("{FAE04EC0-301F-11D3-BF4B-00C04F79EFBC}") = "TableauEval", "TableauEval.csproj", "{1F3F1E32-6312-47B2-A442-8C7E8F7BC95F}"
EndProject
Global
	GlobalSection(SolutionConfigurationPlatforms) = preSolution
		Debug|Any CPU = Debug|Any CPU
		Release|Any CPU = Release|Any CPU
	EndGlobalSection
	GlobalSection(ProjectConfigurationPlatforms) = postSolution
		{1F3F1E32-6312-47B2-A442-8C7E8F7BC95F}.Debug|Any CPU.ActiveCfg = Debug|Any CPU
		{1F3F1E32-6312-47B2-A442-8C7E8F7BC95F}.Debug|Any CPU.Build.0 = Debug|Any CPU
		{1F3F1E32-6312-47B2-A442-8C7E8F7BC95F}.Release|Any CPU.ActiveCfg = Release|Any CPU
		{1F3F1E32-6312-47B2-A442-8C7E8F7BC95F}.Release|Any CPU.Build.0 = Release|Any CPU
	EndGlobalSection
	GlobalSection(SolutionProperties) = preSolution
		HideSolutionNode = FALSE
	EndGlobalSection
	GlobalSection(ExtensibilityGlobals) = postSolution
		SolutionGuid = {47B15800-A867-4167-9A53-0C5078C28771}
	EndGlobalSection
EndGlobal
