
Microsoft Visual Studio Solution File, Format Version 12.00
# Visual Studio Version 17
VisualStudioVersion = 17.3.32929.385
MinimumVisualStudioVersion = 10.0.40219.1
Project("{9A19103F-16F7-4668-BE54-9A1E7A4F7556}") = "PalindromeWhile", "PalindromeWhile.csproj", "{849BABF3-E2A6-48EE-AAFA-C2518EAA52C1}"
EndProject
Project("{FAE04EC0-301F-11D3-BF4B-00C04F79EFBC}") = "TestProject1", "..\TestProject1\TestProject1.csproj", "{D0634088-10F8-4B84-B094-1632A003544F}"
EndProject
Global
	GlobalSection(SolutionConfigurationPlatforms) = preSolution
		Debug|Any CPU = Debug|Any CPU
		Release|Any CPU = Release|Any CPU
	EndGlobalSection
	GlobalSection(ProjectConfigurationPlatforms) = postSolution
		{849BABF3-E2A6-48EE-AAFA-C2518EAA52C1}.Debug|Any CPU.ActiveCfg = Debug|Any CPU
		{849BABF3-E2A6-48EE-AAFA-C2518EAA52C1}.Debug|Any CPU.Build.0 = Debug|Any CPU
		{849BABF3-E2A6-48EE-AAFA-C2518EAA52C1}.Release|Any CPU.ActiveCfg = Release|Any CPU
		{849BABF3-E2A6-48EE-AAFA-C2518EAA52C1}.Release|Any CPU.Build.0 = Release|Any CPU
		{D0634088-10F8-4B84-B094-1632A003544F}.Debug|Any CPU.ActiveCfg = Debug|Any CPU
		{D0634088-10F8-4B84-B094-1632A003544F}.Debug|Any CPU.Build.0 = Debug|Any CPU
		{D0634088-10F8-4B84-B094-1632A003544F}.Release|Any CPU.ActiveCfg = Release|Any CPU
		{D0634088-10F8-4B84-B094-1632A003544F}.Release|Any CPU.Build.0 = Release|Any CPU
	EndGlobalSection
	GlobalSection(SolutionProperties) = preSolution
		HideSolutionNode = FALSE
	EndGlobalSection
	GlobalSection(ExtensibilityGlobals) = postSolution
		SolutionGuid = {39CF5764-1C38-40DD-B797-545D33168B10}
	EndGlobalSection
EndGlobal
