
Microsoft Visual Studio Solution File, Format Version 12.00
# Visual Studio Version 17
VisualStudioVersion = 17.3.32929.385
MinimumVisualStudioVersion = 10.0.40219.1
Project("{FAE04EC0-301F-11D3-BF4B-00C04F79EFBC}") = "Fourchette", "Fourchette.csproj", "{4A31B2BC-37C7-4C0D-BB2B-0B7F7E438818}"
EndProject
Global
	GlobalSection(SolutionConfigurationPlatforms) = preSolution
		Debug|Any CPU = Debug|Any CPU
		Release|Any CPU = Release|Any CPU
	EndGlobalSection
	GlobalSection(ProjectConfigurationPlatforms) = postSolution
		{4A31B2BC-37C7-4C0D-BB2B-0B7F7E438818}.Debug|Any CPU.ActiveCfg = Debug|Any CPU
		{4A31B2BC-37C7-4C0D-BB2B-0B7F7E438818}.Debug|Any CPU.Build.0 = Debug|Any CPU
		{4A31B2BC-37C7-4C0D-BB2B-0B7F7E438818}.Release|Any CPU.ActiveCfg = Release|Any CPU
		{4A31B2BC-37C7-4C0D-BB2B-0B7F7E438818}.Release|Any CPU.Build.0 = Release|Any CPU
	EndGlobalSection
	GlobalSection(SolutionProperties) = preSolution
		HideSolutionNode = FALSE
	EndGlobalSection
	GlobalSection(ExtensibilityGlobals) = postSolution
		SolutionGuid = {30937FDE-C22C-4544-89C5-751189B2F235}
	EndGlobalSection
EndGlobal
