
Microsoft Visual Studio Solution File, Format Version 12.00
# Visual Studio Version 17
VisualStudioVersion = 17.3.32929.385
MinimumVisualStudioVersion = 10.0.40219.1
Project("{FAE04EC0-301F-11D3-BF4B-00C04F79EFBC}") = "FactorielleRecursive", "FactorielleRecursive.csproj", "{B6EEDC15-3E69-475C-B430-5FD55965E196}"
EndProject
Global
	GlobalSection(SolutionConfigurationPlatforms) = preSolution
		Debug|Any CPU = Debug|Any CPU
		Release|Any CPU = Release|Any CPU
	EndGlobalSection
	GlobalSection(ProjectConfigurationPlatforms) = postSolution
		{B6EEDC15-3E69-475C-B430-5FD55965E196}.Debug|Any CPU.ActiveCfg = Debug|Any CPU
		{B6EEDC15-3E69-475C-B430-5FD55965E196}.Debug|Any CPU.Build.0 = Debug|Any CPU
		{B6EEDC15-3E69-475C-B430-5FD55965E196}.Release|Any CPU.ActiveCfg = Release|Any CPU
		{B6EEDC15-3E69-475C-B430-5FD55965E196}.Release|Any CPU.Build.0 = Release|Any CPU
	EndGlobalSection
	GlobalSection(SolutionProperties) = preSolution
		HideSolutionNode = FALSE
	EndGlobalSection
	GlobalSection(ExtensibilityGlobals) = postSolution
		SolutionGuid = {62D6FB66-1A19-4F0F-B8F5-89927E0C859A}
	EndGlobalSection
EndGlobal
