
Microsoft Visual Studio Solution File, Format Version 12.00
# Visual Studio Version 17
VisualStudioVersion = 17.1.32228.430
MinimumVisualStudioVersion = 10.0.40219.1
Project("{9A19103F-16F7-4668-BE54-9A1E7A4F7556}") = "ConsoleApp1", "ConsoleApp1\ConsoleApp1.csproj", "{70A59CA2-CA7C-47EA-9060-81DB520FC483}"
EndProject
Project("{9A19103F-16F7-4668-BE54-9A1E7A4F7556}") = "ConsoleApp2", "ConsoleApp2\ConsoleApp2.csproj", "{6C42F93B-B802-4345-8FBC-43601DA3B14B}"
EndProject
Project("{9A19103F-16F7-4668-BE54-9A1E7A4F7556}") = "SuiteFibonacci", "SuiteFibonacci\SuiteFibonacci.csproj", "{ADFF9840-08F1-411F-B3CE-1DC8B59430FD}"
EndProject
Project("{9A19103F-16F7-4668-BE54-9A1E7A4F7556}") = "mini_jalon_du_11_01_2024", "mini_jalon_du_11_01_2024\mini_jalon_du_11_01_2024.csproj", "{4115010A-572A-427D-8642-D5A726B58042}"
EndProject
Project("{FAE04EC0-301F-11D3-BF4B-00C04F79EFBC}") = "Animals", "Animals\Animals.csproj", "{D5E97C46-F933-423F-8F39-68331F324E45}"
EndProject
Global
	GlobalSection(SolutionConfigurationPlatforms) = preSolution
		Debug|Any CPU = Debug|Any CPU
		Release|Any CPU = Release|Any CPU
	EndGlobalSection
	GlobalSection(ProjectConfigurationPlatforms) = postSolution
		{70A59CA2-CA7C-47EA-9060-81DB520FC483}.Debug|Any CPU.ActiveCfg = Debug|Any CPU
		{70A59CA2-CA7C-47EA-9060-81DB520FC483}.Debug|Any CPU.Build.0 = Debug|Any CPU
		{70A59CA2-CA7C-47EA-9060-81DB520FC483}.Release|Any CPU.ActiveCfg = Release|Any CPU
		{70A59CA2-CA7C-47EA-9060-81DB520FC483}.Release|Any CPU.Build.0 = Release|Any CPU
		{6C42F93B-B802-4345-8FBC-43601DA3B14B}.Debug|Any CPU.ActiveCfg = Debug|Any CPU
		{6C42F93B-B802-4345-8FBC-43601DA3B14B}.Debug|Any CPU.Build.0 = Debug|Any CPU
		{6C42F93B-B802-4345-8FBC-43601DA3B14B}.Release|Any CPU.ActiveCfg = Release|Any CPU
		{6C42F93B-B802-4345-8FBC-43601DA3B14B}.Release|Any CPU.Build.0 = Release|Any CPU
		{ADFF9840-08F1-411F-B3CE-1DC8B59430FD}.Debug|Any CPU.ActiveCfg = Debug|Any CPU
		{ADFF9840-08F1-411F-B3CE-1DC8B59430FD}.Debug|Any CPU.Build.0 = Debug|Any CPU
		{ADFF9840-08F1-411F-B3CE-1DC8B59430FD}.Release|Any CPU.ActiveCfg = Release|Any CPU
		{ADFF9840-08F1-411F-B3CE-1DC8B59430FD}.Release|Any CPU.Build.0 = Release|Any CPU
		{4115010A-572A-427D-8642-D5A726B58042}.Debug|Any CPU.ActiveCfg = Debug|Any CPU
		{4115010A-572A-427D-8642-D5A726B58042}.Debug|Any CPU.Build.0 = Debug|Any CPU
		{4115010A-572A-427D-8642-D5A726B58042}.Release|Any CPU.ActiveCfg = Release|Any CPU
		{4115010A-572A-427D-8642-D5A726B58042}.Release|Any CPU.Build.0 = Release|Any CPU
		{D5E97C46-F933-423F-8F39-68331F324E45}.Debug|Any CPU.ActiveCfg = Debug|Any CPU
		{D5E97C46-F933-423F-8F39-68331F324E45}.Debug|Any CPU.Build.0 = Debug|Any CPU
		{D5E97C46-F933-423F-8F39-68331F324E45}.Release|Any CPU.ActiveCfg = Release|Any CPU
		{D5E97C46-F933-423F-8F39-68331F324E45}.Release|Any CPU.Build.0 = Release|Any CPU
	EndGlobalSection
	GlobalSection(SolutionProperties) = preSolution
		HideSolutionNode = FALSE
	EndGlobalSection
	GlobalSection(ExtensibilityGlobals) = postSolution
		SolutionGuid = {2E60D4F0-1312-45B6-95DE-54801DAAFD6B}
	EndGlobalSection
EndGlobal
