
Microsoft Visual Studio Solution File, Format Version 12.00
# Visual Studio Version 17
VisualStudioVersion = 17.3.32929.385
MinimumVisualStudioVersion = 10.0.40219.1
Project("{FAE04EC0-301F-11D3-BF4B-00C04F79EFBC}") = "FibonacciRecursif", "FibonacciRecursif.csproj", "{E35477E2-5EC4-4DEA-AB1D-ACE33BAAEA4E}"
EndProject
Global
	GlobalSection(SolutionConfigurationPlatforms) = preSolution
		Debug|Any CPU = Debug|Any CPU
		Release|Any CPU = Release|Any CPU
	EndGlobalSection
	GlobalSection(ProjectConfigurationPlatforms) = postSolution
		{E35477E2-5EC4-4DEA-AB1D-ACE33BAAEA4E}.Debug|Any CPU.ActiveCfg = Debug|Any CPU
		{E35477E2-5EC4-4DEA-AB1D-ACE33BAAEA4E}.Debug|Any CPU.Build.0 = Debug|Any CPU
		{E35477E2-5EC4-4DEA-AB1D-ACE33BAAEA4E}.Release|Any CPU.ActiveCfg = Release|Any CPU
		{E35477E2-5EC4-4DEA-AB1D-ACE33BAAEA4E}.Release|Any CPU.Build.0 = Release|Any CPU
	EndGlobalSection
	GlobalSection(SolutionProperties) = preSolution
		HideSolutionNode = FALSE
	EndGlobalSection
	GlobalSection(ExtensibilityGlobals) = postSolution
		SolutionGuid = {91A52A10-99B7-46DA-9D4D-85CD1F5BCAA0}
	EndGlobalSection
EndGlobal
