
Microsoft Visual Studio Solution File, Format Version 12.00
# Visual Studio Version 17
VisualStudioVersion = 17.3.32929.385
MinimumVisualStudioVersion = 10.0.40219.1
Project("{FAE04EC0-301F-11D3-BF4B-00C04F79EFBC}") = "Pendu2", "Pendu2.csproj", "{71573BD6-F011-40A7-B64D-78F4BB65CCA2}"
EndProject
Global
	GlobalSection(SolutionConfigurationPlatforms) = preSolution
		Debug|Any CPU = Debug|Any CPU
		Release|Any CPU = Release|Any CPU
	EndGlobalSection
	GlobalSection(ProjectConfigurationPlatforms) = postSolution
		{71573BD6-F011-40A7-B64D-78F4BB65CCA2}.Debug|Any CPU.ActiveCfg = Debug|Any CPU
		{71573BD6-F011-40A7-B64D-78F4BB65CCA2}.Debug|Any CPU.Build.0 = Debug|Any CPU
		{71573BD6-F011-40A7-B64D-78F4BB65CCA2}.Release|Any CPU.ActiveCfg = Release|Any CPU
		{71573BD6-F011-40A7-B64D-78F4BB65CCA2}.Release|Any CPU.Build.0 = Release|Any CPU
	EndGlobalSection
	GlobalSection(SolutionProperties) = preSolution
		HideSolutionNode = FALSE
	EndGlobalSection
	GlobalSection(ExtensibilityGlobals) = postSolution
		SolutionGuid = {C64ED344-1112-45B3-ADE6-E22A0A40F517}
	EndGlobalSection
EndGlobal
